
Microsoft Visual Studio Solution File, Format Version 12.00
# Visual Studio Version 17
VisualStudioVersion = 17.3.32929.385
MinimumVisualStudioVersion = 10.0.40219.1
Project("{FAE04EC0-301F-11D3-BF4B-00C04F79EFBC}") = "Land Calculation 11.2.2022", "Land Calculation 11.2.2022.csproj", "{50E83DBD-7B72-4473-8CF0-56AED7C95A70}"
EndProject
Global
	GlobalSection(SolutionConfigurationPlatforms) = preSolution
		Debug|Any CPU = Debug|Any CPU
		Release|Any CPU = Release|Any CPU
	EndGlobalSection
	GlobalSection(ProjectConfigurationPlatforms) = postSolution
		{50E83DBD-7B72-4473-8CF0-56AED7C95A70}.Debug|Any CPU.ActiveCfg = Debug|Any CPU
		{50E83DBD-7B72-4473-8CF0-56AED7C95A70}.Debug|Any CPU.Build.0 = Debug|Any CPU
		{50E83DBD-7B72-4473-8CF0-56AED7C95A70}.Release|Any CPU.ActiveCfg = Release|Any CPU
		{50E83DBD-7B72-4473-8CF0-56AED7C95A70}.Release|Any CPU.Build.0 = Release|Any CPU
	EndGlobalSection
	GlobalSection(SolutionProperties) = preSolution
		HideSolutionNode = FALSE
	EndGlobalSection
	GlobalSection(ExtensibilityGlobals) = postSolution
		SolutionGuid = {E7CF33AE-D4CA-4645-8D86-58771CAE5917}
	EndGlobalSection
EndGlobal
